
Microsoft Visual Studio Solution File, Format Version 12.00
Project("{FAE04EC0-301F-11D3-BF4B-00C04F79EFBC}") = "Switch", "Switch\Switch.csproj", "{04F43DDB-DFA1-4D88-9A5B-2C218168ED4E}"
EndProject
Global
	GlobalSection(SolutionConfigurationPlatforms) = preSolution
		Debug|Any CPU = Debug|Any CPU
		Release|Any CPU = Release|Any CPU
	EndGlobalSection
	GlobalSection(ProjectConfigurationPlatforms) = postSolution
		{04F43DDB-DFA1-4D88-9A5B-2C218168ED4E}.Debug|Any CPU.ActiveCfg = Debug|Any CPU
		{04F43DDB-DFA1-4D88-9A5B-2C218168ED4E}.Debug|Any CPU.Build.0 = Debug|Any CPU
		{04F43DDB-DFA1-4D88-9A5B-2C218168ED4E}.Release|Any CPU.ActiveCfg = Release|Any CPU
		{04F43DDB-DFA1-4D88-9A5B-2C218168ED4E}.Release|Any CPU.Build.0 = Release|Any CPU
	EndGlobalSection
EndGlobal
