
Microsoft Visual Studio Solution File, Format Version 12.00
# Visual Studio Version 17
VisualStudioVersion = 17.7.34221.43
MinimumVisualStudioVersion = 10.0.40219.1
Project("{FAE04EC0-301F-11D3-BF4B-00C04F79EFBC}") = "variabeltilordning", "variabeltilordning\variabeltilordning.csproj", "{2938B6E0-B08D-484E-9969-D1790E5CA983}"
EndProject
Global
	GlobalSection(SolutionConfigurationPlatforms) = preSolution
		Debug|Any CPU = Debug|Any CPU
		Release|Any CPU = Release|Any CPU
	EndGlobalSection
	GlobalSection(ProjectConfigurationPlatforms) = postSolution
		{2938B6E0-B08D-484E-9969-D1790E5CA983}.Debug|Any CPU.ActiveCfg = Debug|Any CPU
		{2938B6E0-B08D-484E-9969-D1790E5CA983}.Debug|Any CPU.Build.0 = Debug|Any CPU
		{2938B6E0-B08D-484E-9969-D1790E5CA983}.Release|Any CPU.ActiveCfg = Release|Any CPU
		{2938B6E0-B08D-484E-9969-D1790E5CA983}.Release|Any CPU.Build.0 = Release|Any CPU
	EndGlobalSection
	GlobalSection(SolutionProperties) = preSolution
		HideSolutionNode = FALSE
	EndGlobalSection
	GlobalSection(ExtensibilityGlobals) = postSolution
		SolutionGuid = {483AD916-C2E3-489B-9EC5-B31A1D94A300}
	EndGlobalSection
EndGlobal
